# @generated by Move, please check-in and do not edit manually.

[move]
version = 3
manifest_digest = "3228D2A83A0F901BEE2BE76DF8F81D62A02420CCA112F9EB2A00EDDE342F8D10"
deps_digest = "F8BBB0CCB2491CA29A3DF03D6F92277A4F3574266507ACD77214D37ECA3F3082"
dependencies = [
  { id = "Sui", name = "Sui" },
]

[[move.package]]
id = "MoveStdlib"
source = { git = "https://github.com/MystenLabs/sui.git", rev = "framework/mainnet", subdir = "crates/sui-framework/packages/move-stdlib" }

[[move.package]]
id = "Sui"
source = { git = "https://github.com/MystenLabs/sui.git", rev = "framework/mainnet", subdir = "crates/sui-framework/packages/sui-framework" }

dependencies = [
  { id = "MoveStdlib", name = "MoveStdlib" },
]

[move.toolchain-version]
compiler-version = "1.50.1"
edition = "2024.beta"
flavor = "sui"

[env]

[env.mainnet]
chain-id = "35834a8a"
original-published-id = "0xb477a423fcf59544ff39fd368973f5aa6f5ca76219bdee28677d6cba956b616e"
latest-published-id = "0xb477a423fcf59544ff39fd368973f5aa6f5ca76219bdee28677d6cba956b616e"
published-version = "1"
