{
  "name": "@sentio/alpaca",
  "version": "1.0.0",
  "lockfileVersion": 2,
  "requires": true,
  "packages": {
    "": {
      "name": "@sentio/alpaca",
      "version": "1.0.0",
      "dependencies": {
        "bignumber": "^1.1.0"
      }
    },
    "node_modules/bignumber": {
      "version": "1.1.0",
      "resolved": "https://registry.npmjs.org/bignumber/-/bignumber-1.1.0.tgz",
      "integrity": "sha512-EGqHCKkEAwVwufcEOCYhZQqdVH+7cNCyPZ9yxisYvSjHFB+d9YcGMvorsFpeN5IJpC+lC6K+FHhu8+S4MgJazw==",
      "engines": {
        "node": ">=0.4.0"
      }
    }
  },
  "dependencies": {
    "bignumber": {
      "version": "1.1.0",
      "resolved": "https://registry.npmjs.org/bignumber/-/bignumber-1.1.0.tgz",
      "integrity": "sha512-EGqHCKkEAwVwufcEOCYhZQqdVH+7cNCyPZ9yxisYvSjHFB+d9YcGMvorsFpeN5IJpC+lC6K+FHhu8+S4MgJazw=="
    }
  }
}
